{
  "name": "front-end",
  "lockfileVersion": 3,
  "requires": true,
  "packages": {
    "": {
      "dependencies": {
        "lucide": "^0.456.0"
      }
    },
    "node_modules/lucide": {
      "version": "0.456.0",
      "resolved": "https://registry.npmjs.org/lucide/-/lucide-0.456.0.tgz",
      "integrity": "sha512-/QHD4F0KXx7YECX9bhaac5TMPtR6vSv6qxHLtL61Z6Xp6IdUUsEF1zo6McEoGJw1z9msAx8QiQn6u3g704mGlg==",
      "license": "ISC"
    }
  }
}
